
Microsoft Visual Studio Solution File, Format Version 12.00
# Visual Studio Version 17
VisualStudioVersion = 17.14.36915.13
MinimumVisualStudioVersion = 10.0.40219.1
Project("{FAE04EC0-301F-11D3-BF4B-00C04F79EFBC}") = "MileStone6", "MileStone6\MileStone6.csproj", "{8E43E58E-BDC2-467E-9475-1227A7D0BB1A}"
EndProject
Project("{FAE04EC0-301F-11D3-BF4B-00C04F79EFBC}") = "PresenterLibrary", "PresenterLibrary\PresenterLibrary.csproj", "{34E5290F-ACF6-4875-8486-1991E85679FD}"
EndProject
Project("{FAE04EC0-301F-11D3-BF4B-00C04F79EFBC}") = "TestThePresenter", "TestThePresenter\TestThePresenter.csproj", "{8862FAF9-61D9-4229-9F34-66EFB6B9B653}"
EndProject
Global
	GlobalSection(SolutionConfigurationPlatforms) = preSolution
		Debug|Any CPU = Debug|Any CPU
		Release|Any CPU = Release|Any CPU
	EndGlobalSection
	GlobalSection(ProjectConfigurationPlatforms) = postSolution
		{8E43E58E-BDC2-467E-9475-1227A7D0BB1A}.Debug|Any CPU.ActiveCfg = Debug|Any CPU
		{8E43E58E-BDC2-467E-9475-1227A7D0BB1A}.Debug|Any CPU.Build.0 = Debug|Any CPU
		{8E43E58E-BDC2-467E-9475-1227A7D0BB1A}.Release|Any CPU.ActiveCfg = Release|Any CPU
		{8E43E58E-BDC2-467E-9475-1227A7D0BB1A}.Release|Any CPU.Build.0 = Release|Any CPU
		{34E5290F-ACF6-4875-8486-1991E85679FD}.Debug|Any CPU.ActiveCfg = Debug|Any CPU
		{34E5290F-ACF6-4875-8486-1991E85679FD}.Debug|Any CPU.Build.0 = Debug|Any CPU
		{34E5290F-ACF6-4875-8486-1991E85679FD}.Release|Any CPU.ActiveCfg = Release|Any CPU
		{34E5290F-ACF6-4875-8486-1991E85679FD}.Release|Any CPU.Build.0 = Release|Any CPU
		{8862FAF9-61D9-4229-9F34-66EFB6B9B653}.Debug|Any CPU.ActiveCfg = Debug|Any CPU
		{8862FAF9-61D9-4229-9F34-66EFB6B9B653}.Debug|Any CPU.Build.0 = Debug|Any CPU
		{8862FAF9-61D9-4229-9F34-66EFB6B9B653}.Release|Any CPU.ActiveCfg = Release|Any CPU
		{8862FAF9-61D9-4229-9F34-66EFB6B9B653}.Release|Any CPU.Build.0 = Release|Any CPU
	EndGlobalSection
	GlobalSection(SolutionProperties) = preSolution
		HideSolutionNode = FALSE
	EndGlobalSection
	GlobalSection(ExtensibilityGlobals) = postSolution
		SolutionGuid = {66D8D28F-A00E-484A-B194-CED47EECC976}
	EndGlobalSection
EndGlobal
